{
  "name": "comash",
  "version": "1.0.0",
  "lockfileVersion": 1,
  "requires": true,
  "dependencies": {
    "animate.css": {
      "version": "3.7.0",
      "resolved": "https://registry.npmjs.org/animate.css/-/animate.css-3.7.0.tgz",
      "integrity": "sha512-u3iMXDJr0cxMdQocIciDiou9Au4L5f9uT+/jCtprw3s1j3HcfCuI+khF+90Ps2KdsEhM2soF7SXB4WUvI3HlXg=="
    },
    "bootstrap": {
      "version": "4.3.1",
      "resolved": "https://registry.npmjs.org/bootstrap/-/bootstrap-4.3.1.tgz",
      "integrity": "sha512-rXqOmH1VilAt2DyPzluTi2blhk17bO7ef+zLLPlWvG494pDxcM234pJ8wTc/6R40UWizAIIMgxjvxZg5kmsbag=="
    },
    "dom7": {
      "version": "2.1.3",
      "resolved": "https://registry.npmjs.org/dom7/-/dom7-2.1.3.tgz",
      "integrity": "sha512-QTxHHDox+M6ZFz1zHPAHZKI3JOHY5iY4i9BK2uctlggxKQwRhO3q3HHFq1BKsT25Bm/ySSj70K6Wk/G4bs9rMQ==",
      "requires": {
        "ssr-window": "^1.0.1"
      }
    },
    "ionicons": {
      "version": "2.0.1",
      "resolved": "http://registry.npmjs.org/ionicons/-/ionicons-2.0.1.tgz",
      "integrity": "sha1-yjmBEyk+qHAkT1OPCqu9S1sgmj4="
    },
    "jquery": {
      "version": "3.3.1",
      "resolved": "https://registry.npmjs.org/jquery/-/jquery-3.3.1.tgz",
      "integrity": "sha512-Ubldcmxp5np52/ENotGxlLe6aGMvmF4R8S6tZjsP6Knsaxd/xp3Zrh50cG93lR6nPXyUFwzN3ZSOQI0wRJNdGg=="
    },
    "noisejs": {
      "version": "2.1.0",
      "resolved": "https://registry.npmjs.org/noisejs/-/noisejs-2.1.0.tgz",
      "integrity": "sha1-hLTEzQT/QzZwNPZSU+IT4Nn+Gv8="
    },
    "popper.js": {
      "version": "1.14.1",
      "resolved": "https://registry.npmjs.org/popper.js/-/popper.js-1.14.1.tgz",
      "integrity": "sha1-uIFeXNpvYvwgQuR2GGSfdYZuZ1M="
    },
    "retinajs": {
      "version": "2.1.3",
      "resolved": "https://registry.npmjs.org/retinajs/-/retinajs-2.1.3.tgz",
      "integrity": "sha512-ypjZKVntFXRwTVQaR1yyNiO0UsMOfHlAklQNlgnMJqTFuj+S/w3iYHOcFJRX39OYcB6LcYjN9zDBnwuOdxvwyA=="
    },
    "skrollr": {
      "version": "0.6.26",
      "resolved": "https://registry.npmjs.org/skrollr/-/skrollr-0.6.26.tgz",
      "integrity": "sha1-ZdGq/MafxtJ+bP8PCGwlsxsgqxg="
    },
    "ssr-window": {
      "version": "1.0.1",
      "resolved": "https://registry.npmjs.org/ssr-window/-/ssr-window-1.0.1.tgz",
      "integrity": "sha512-dgFqB+f00LJTEgb6UXhx0h+SrG50LJvti2yMKMqAgzfUmUXZrLSv2fjULF7AWGwK25EXu8+smLR3jYsJQChPsg=="
    },
    "swiper": {
      "version": "4.5.0",
      "resolved": "https://registry.npmjs.org/swiper/-/swiper-4.5.0.tgz",
      "integrity": "sha512-jRCd/CGet9kaHwthHdd/sL/YU8CI157PWLyItnIcn/o/jP4haVky3zTF6f9F3JDpmQIw7jdWihISiYx0/oTHsg==",
      "requires": {
        "dom7": "^2.1.3",
        "ssr-window": "^1.0.1"
      }
    },
    "wowjs": {
      "version": "1.1.3",
      "resolved": "https://registry.npmjs.org/wowjs/-/wowjs-1.1.3.tgz",
      "integrity": "sha1-RA/Bu0x+iWhA7keXIpaitZB1rL0=",
      "requires": {
        "animate.css": "^3.7.0"
      },
      "dependencies": {
        "animate.css": {
          "version": "3.7.0",
          "resolved": "https://registry.npmjs.org/animate.css/-/animate.css-3.7.0.tgz",
          "integrity": "sha512-u3iMXDJr0cxMdQocIciDiou9Au4L5f9uT+/jCtprw3s1j3HcfCuI+khF+90Ps2KdsEhM2soF7SXB4WUvI3HlXg=="
        }
      }
    }
  }
}
